
Microsoft Visual Studio Solution File, Format Version 12.00
# Visual Studio Version 16
VisualStudioVersion = 16.0.33214.272
MinimumVisualStudioVersion = 10.0.40219.1
Project("{8BC9CEB8-8B4A-11D0-8D11-00A0C91BC942}") = "Task2", "Task2\Task2.vcxproj", "{790D3BF2-C24A-4762-8914-456589DD0570}"
EndProject
Global
	GlobalSection(SolutionConfigurationPlatforms) = preSolution
		Debug|x64 = Debug|x64
		Debug|x86 = Debug|x86
		Release|x64 = Release|x64
		Release|x86 = Release|x86
	EndGlobalSection
	GlobalSection(ProjectConfigurationPlatforms) = postSolution
		{790D3BF2-C24A-4762-8914-456589DD0570}.Debug|x64.ActiveCfg = Debug|x64
		{790D3BF2-C24A-4762-8914-456589DD0570}.Debug|x64.Build.0 = Debug|x64
		{790D3BF2-C24A-4762-8914-456589DD0570}.Debug|x86.ActiveCfg = Debug|Win32
		{790D3BF2-C24A-4762-8914-456589DD0570}.Debug|x86.Build.0 = Debug|Win32
		{790D3BF2-C24A-4762-8914-456589DD0570}.Release|x64.ActiveCfg = Release|x64
		{790D3BF2-C24A-4762-8914-456589DD0570}.Release|x64.Build.0 = Release|x64
		{790D3BF2-C24A-4762-8914-456589DD0570}.Release|x86.ActiveCfg = Release|Win32
		{790D3BF2-C24A-4762-8914-456589DD0570}.Release|x86.Build.0 = Release|Win32
	EndGlobalSection
	GlobalSection(SolutionProperties) = preSolution
		HideSolutionNode = FALSE
	EndGlobalSection
	GlobalSection(ExtensibilityGlobals) = postSolution
		SolutionGuid = {7DAC7525-1FC2-4630-AA06-FE605BC1E9DC}
	EndGlobalSection
EndGlobal
